
Microsoft Visual Studio Solution File, Format Version 11.00
# Visual Studio 2010
Project("{FAE04EC0-301F-11D3-BF4B-00C04F79EFBC}") = "Assembly-CSharp", "Assembly-CSharp.csproj", "{ae302ce7-afd3-0585-adee-3759bd97c71a}"
EndProject
Global
	GlobalSection(SolutionConfigurationPlatforms) = preSolution
		Debug|Any CPU = Debug|Any CPU
		Release|Any CPU = Release|Any CPU
	EndGlobalSection
	GlobalSection(ProjectConfigurationPlatforms) = postSolution
		{ae302ce7-afd3-0585-adee-3759bd97c71a}.Debug|Any CPU.ActiveCfg = Debug|Any CPU
		{ae302ce7-afd3-0585-adee-3759bd97c71a}.Debug|Any CPU.Build.0 = Debug|Any CPU
		{ae302ce7-afd3-0585-adee-3759bd97c71a}.Release|Any CPU.ActiveCfg = Release|Any CPU
		{ae302ce7-afd3-0585-adee-3759bd97c71a}.Release|Any CPU.Build.0 = Release|Any CPU
	EndGlobalSection
	GlobalSection(SolutionProperties) = preSolution
		HideSolutionNode = FALSE
	EndGlobalSection
EndGlobal
